
Microsoft Visual Studio Solution File, Format Version 12.00
# Visual Studio Version 16
VisualStudioVersion = 16.0.28922.388
MinimumVisualStudioVersion = 10.0.40219.1
Project("{9A19103F-16F7-4668-BE54-9A1E7A4F7556}") = "_01_为什么会有委托", "_01_为什么会有委托\_01_为什么会有委托.csproj", "{33AB21BE-AEAB-4624-999E-BC6C6ECE6144}"
EndProject
Project("{9A19103F-16F7-4668-BE54-9A1E7A4F7556}") = "_02_委托函数练习", "_02_委托函数练习\_02_委托函数练习.csproj", "{4A8EC38F-E5A4-4C14-9DA9-63901B27E240}"
EndProject
Project("{9A19103F-16F7-4668-BE54-9A1E7A4F7556}") = "_03_匿名函数和lamda表达式的用法", "_03_匿名函数和lamda表达式的用法\_03_匿名函数和lamda表达式的用法.csproj", "{078A1C41-89B5-4757-8933-93CCE853949C}"
EndProject
Project("{9A19103F-16F7-4668-BE54-9A1E7A4F7556}") = "_04_委托求数组的最大值", "_04_委托求数组的最大值\_04_委托求数组的最大值.csproj", "{21D5440C-F356-4E02-81D0-283AE421FC4A}"
EndProject
Project("{9A19103F-16F7-4668-BE54-9A1E7A4F7556}") = "_05_泛型委托", "_05_泛型委托\_05_泛型委托.csproj", "{EB857A1D-7BE4-4010-AE82-3A2600B39E96}"
EndProject
Project("{9A19103F-16F7-4668-BE54-9A1E7A4F7556}") = "_07_泛型学习", "_07_泛型学习\_07_泛型学习.csproj", "{06721C58-E605-49B5-BE37-F14663CF8297}"
EndProject
Project("{9A19103F-16F7-4668-BE54-9A1E7A4F7556}") = "_06_多播委托", "_06_多播委托\_06_多播委托.csproj", "{3A8E2473-1E96-40F7-9D93-D3B8F1641C3C}"
EndProject
Project("{FAE04EC0-301F-11D3-BF4B-00C04F79EFBC}") = "_08_使用委托进行窗体间传值", "_08_使用委托进行窗体间传值\_08_使用委托进行窗体间传值.csproj", "{FF603D5C-4099-4881-8F41-DC2BE232FC41}"
EndProject
Project("{FAE04EC0-301F-11D3-BF4B-00C04F79EFBC}") = "_09_使用winform应用程序模拟事件", "_09_使用winform应用程序模拟事件\_09_使用winform应用程序模拟事件.csproj", "{9ED4473C-88E0-489E-B770-053956FE8C99}"
EndProject
Project("{FAE04EC0-301F-11D3-BF4B-00C04F79EFBC}") = "_10_事件执行需要的参数", "_10_事件执行需要的参数\_10_事件执行需要的参数.csproj", "{DF3AE103-C50B-490F-B3CA-ADDB3D616853}"
EndProject
Project("{9A19103F-16F7-4668-BE54-9A1E7A4F7556}") = "_11_事件的本质", "_11_事件的本质\_11_事件的本质.csproj", "{2EBB85CC-4603-49E3-93C6-2A51ADD9B370}"
EndProject
Project("{FAE04EC0-301F-11D3-BF4B-00C04F79EFBC}") = "_12_winform自定义事件", "_12_winform自定义事件\_12_winform自定义事件.csproj", "{0485A08E-1623-426B-A4D5-6AF2D9CC3D5B}"
EndProject
Project("{9A19103F-16F7-4668-BE54-9A1E7A4F7556}") = "_13_程序集的添加", "_13_程序集的添加\_13_程序集的添加.csproj", "{C530183A-8F98-4502-99A5-8D27200C6C67}"
EndProject
Project("{9A19103F-16F7-4668-BE54-9A1E7A4F7556}") = "Common", "Common\Common.csproj", "{8C7D2964-561B-4BDE-8957-F094078F76AD}"
EndProject
Project("{9A19103F-16F7-4668-BE54-9A1E7A4F7556}") = "_14_反射", "_14_反射\_14_反射.csproj", "{4594D5F7-15F3-449B-ACA4-33196FBAE4EA}"
EndProject
Project("{9A19103F-16F7-4668-BE54-9A1E7A4F7556}") = "_15_程序集3个常用方法", "_15_程序集3个常用方法\_15_程序集3个常用方法.csproj", "{054FD489-01EB-4385-9020-4EE7A5867D56}"
EndProject
Project("{2150E333-8FDC-42A3-9474-1A3956D46DE8}") = "计算器", "计算器", "{55557BB9-2A2F-426A-9869-D35699010952}"
EndProject
Project("{FAE04EC0-301F-11D3-BF4B-00C04F79EFBC}") = "Procalculator", "Procalculator\Procalculator.csproj", "{DA24BF1C-7FF6-4CCF-8DD6-98E7AE3185DF}"
EndProject
Project("{9A19103F-16F7-4668-BE54-9A1E7A4F7556}") = "ProFactory", "ProFactory\ProFactory.csproj", "{A0D38E7D-E2F7-41EA-A498-432901500AE3}"
EndProject
Project("{9A19103F-16F7-4668-BE54-9A1E7A4F7556}") = "ProAdd", "ProAdd\ProAdd.csproj", "{845F1661-500D-47C7-B896-B6A8BF74DA23}"
EndProject
Project("{9A19103F-16F7-4668-BE54-9A1E7A4F7556}") = "ProOperation", "ProOperation\ProOperation.csproj", "{4BB84788-F30C-43D5-B074-E520B425F256}"
EndProject
Project("{2150E333-8FDC-42A3-9474-1A3956D46DE8}") = "计算器2", "计算器2", "{768135A5-7059-4B6B-80EC-B85AB0A7BE42}"
EndProject
Project("{FAE04EC0-301F-11D3-BF4B-00C04F79EFBC}") = "Calculator", "Calculator\Calculator.csproj", "{43FB6FC5-64D7-4CA2-B3C4-0E289C4A3579}"
EndProject
Project("{9A19103F-16F7-4668-BE54-9A1E7A4F7556}") = "CaOperation", "CaOperation\CaOperation.csproj", "{BF8C5421-8AB6-4E86-A49A-ED0E3DF3BFB9}"
EndProject
Project("{9A19103F-16F7-4668-BE54-9A1E7A4F7556}") = "CaFactory", "CaFactory\CaFactory.csproj", "{A844B357-AB88-46CA-8C98-6D4555DF5878}"
EndProject
Project("{9A19103F-16F7-4668-BE54-9A1E7A4F7556}") = "CaAdd", "CaAdd\CaAdd.csproj", "{6FEACE3E-C12E-44A9-B4A6-FEB03CC36FA7}"
EndProject
Project("{FAE04EC0-301F-11D3-BF4B-00C04F79EFBC}") = "Calculator2", "Calculator2\Calculator2.csproj", "{897FB77F-11C1-427E-8874-524B654E3092}"
EndProject
Project("{FAE04EC0-301F-11D3-BF4B-00C04F79EFBC}") = "CaFactory2", "CaFactory2\CaFactory2.csproj", "{32EF6C6D-D9B0-468D-A09D-2AFABB2F7131}"
EndProject
Project("{FAE04EC0-301F-11D3-BF4B-00C04F79EFBC}") = "CaOperation2", "CaOperation2\CaOperation2.csproj", "{8CD74BFA-9C4D-41C1-8CAB-F5D6C0768E77}"
EndProject
Project("{FAE04EC0-301F-11D3-BF4B-00C04F79EFBC}") = "CaAdd2", "CaAdd2\CaAdd2.csproj", "{84B4C028-2F32-45F3-BE28-535ABA407E1C}"
EndProject
Global
	GlobalSection(SolutionConfigurationPlatforms) = preSolution
		Debug|Any CPU = Debug|Any CPU
		Release|Any CPU = Release|Any CPU
	EndGlobalSection
	GlobalSection(ProjectConfigurationPlatforms) = postSolution
		{33AB21BE-AEAB-4624-999E-BC6C6ECE6144}.Debug|Any CPU.ActiveCfg = Debug|Any CPU
		{33AB21BE-AEAB-4624-999E-BC6C6ECE6144}.Debug|Any CPU.Build.0 = Debug|Any CPU
		{33AB21BE-AEAB-4624-999E-BC6C6ECE6144}.Release|Any CPU.ActiveCfg = Release|Any CPU
		{33AB21BE-AEAB-4624-999E-BC6C6ECE6144}.Release|Any CPU.Build.0 = Release|Any CPU
		{4A8EC38F-E5A4-4C14-9DA9-63901B27E240}.Debug|Any CPU.ActiveCfg = Debug|Any CPU
		{4A8EC38F-E5A4-4C14-9DA9-63901B27E240}.Debug|Any CPU.Build.0 = Debug|Any CPU
		{4A8EC38F-E5A4-4C14-9DA9-63901B27E240}.Release|Any CPU.ActiveCfg = Release|Any CPU
		{4A8EC38F-E5A4-4C14-9DA9-63901B27E240}.Release|Any CPU.Build.0 = Release|Any CPU
		{078A1C41-89B5-4757-8933-93CCE853949C}.Debug|Any CPU.ActiveCfg = Debug|Any CPU
		{078A1C41-89B5-4757-8933-93CCE853949C}.Debug|Any CPU.Build.0 = Debug|Any CPU
		{078A1C41-89B5-4757-8933-93CCE853949C}.Release|Any CPU.ActiveCfg = Release|Any CPU
		{078A1C41-89B5-4757-8933-93CCE853949C}.Release|Any CPU.Build.0 = Release|Any CPU
		{21D5440C-F356-4E02-81D0-283AE421FC4A}.Debug|Any CPU.ActiveCfg = Debug|Any CPU
		{21D5440C-F356-4E02-81D0-283AE421FC4A}.Debug|Any CPU.Build.0 = Debug|Any CPU
		{21D5440C-F356-4E02-81D0-283AE421FC4A}.Release|Any CPU.ActiveCfg = Release|Any CPU
		{21D5440C-F356-4E02-81D0-283AE421FC4A}.Release|Any CPU.Build.0 = Release|Any CPU
		{EB857A1D-7BE4-4010-AE82-3A2600B39E96}.Debug|Any CPU.ActiveCfg = Debug|Any CPU
		{EB857A1D-7BE4-4010-AE82-3A2600B39E96}.Debug|Any CPU.Build.0 = Debug|Any CPU
		{EB857A1D-7BE4-4010-AE82-3A2600B39E96}.Release|Any CPU.ActiveCfg = Release|Any CPU
		{EB857A1D-7BE4-4010-AE82-3A2600B39E96}.Release|Any CPU.Build.0 = Release|Any CPU
		{06721C58-E605-49B5-BE37-F14663CF8297}.Debug|Any CPU.ActiveCfg = Debug|Any CPU
		{06721C58-E605-49B5-BE37-F14663CF8297}.Debug|Any CPU.Build.0 = Debug|Any CPU
		{06721C58-E605-49B5-BE37-F14663CF8297}.Release|Any CPU.ActiveCfg = Release|Any CPU
		{06721C58-E605-49B5-BE37-F14663CF8297}.Release|Any CPU.Build.0 = Release|Any CPU
		{3A8E2473-1E96-40F7-9D93-D3B8F1641C3C}.Debug|Any CPU.ActiveCfg = Debug|Any CPU
		{3A8E2473-1E96-40F7-9D93-D3B8F1641C3C}.Debug|Any CPU.Build.0 = Debug|Any CPU
		{3A8E2473-1E96-40F7-9D93-D3B8F1641C3C}.Release|Any CPU.ActiveCfg = Release|Any CPU
		{3A8E2473-1E96-40F7-9D93-D3B8F1641C3C}.Release|Any CPU.Build.0 = Release|Any CPU
		{FF603D5C-4099-4881-8F41-DC2BE232FC41}.Debug|Any CPU.ActiveCfg = Debug|Any CPU
		{FF603D5C-4099-4881-8F41-DC2BE232FC41}.Debug|Any CPU.Build.0 = Debug|Any CPU
		{FF603D5C-4099-4881-8F41-DC2BE232FC41}.Release|Any CPU.ActiveCfg = Release|Any CPU
		{FF603D5C-4099-4881-8F41-DC2BE232FC41}.Release|Any CPU.Build.0 = Release|Any CPU
		{9ED4473C-88E0-489E-B770-053956FE8C99}.Debug|Any CPU.ActiveCfg = Debug|Any CPU
		{9ED4473C-88E0-489E-B770-053956FE8C99}.Debug|Any CPU.Build.0 = Debug|Any CPU
		{9ED4473C-88E0-489E-B770-053956FE8C99}.Release|Any CPU.ActiveCfg = Release|Any CPU
		{9ED4473C-88E0-489E-B770-053956FE8C99}.Release|Any CPU.Build.0 = Release|Any CPU
		{DF3AE103-C50B-490F-B3CA-ADDB3D616853}.Debug|Any CPU.ActiveCfg = Debug|Any CPU
		{DF3AE103-C50B-490F-B3CA-ADDB3D616853}.Debug|Any CPU.Build.0 = Debug|Any CPU
		{DF3AE103-C50B-490F-B3CA-ADDB3D616853}.Release|Any CPU.ActiveCfg = Release|Any CPU
		{DF3AE103-C50B-490F-B3CA-ADDB3D616853}.Release|Any CPU.Build.0 = Release|Any CPU
		{2EBB85CC-4603-49E3-93C6-2A51ADD9B370}.Debug|Any CPU.ActiveCfg = Debug|Any CPU
		{2EBB85CC-4603-49E3-93C6-2A51ADD9B370}.Debug|Any CPU.Build.0 = Debug|Any CPU
		{2EBB85CC-4603-49E3-93C6-2A51ADD9B370}.Release|Any CPU.ActiveCfg = Release|Any CPU
		{2EBB85CC-4603-49E3-93C6-2A51ADD9B370}.Release|Any CPU.Build.0 = Release|Any CPU
		{0485A08E-1623-426B-A4D5-6AF2D9CC3D5B}.Debug|Any CPU.ActiveCfg = Debug|Any CPU
		{0485A08E-1623-426B-A4D5-6AF2D9CC3D5B}.Debug|Any CPU.Build.0 = Debug|Any CPU
		{0485A08E-1623-426B-A4D5-6AF2D9CC3D5B}.Release|Any CPU.ActiveCfg = Release|Any CPU
		{0485A08E-1623-426B-A4D5-6AF2D9CC3D5B}.Release|Any CPU.Build.0 = Release|Any CPU
		{C530183A-8F98-4502-99A5-8D27200C6C67}.Debug|Any CPU.ActiveCfg = Debug|Any CPU
		{C530183A-8F98-4502-99A5-8D27200C6C67}.Debug|Any CPU.Build.0 = Debug|Any CPU
		{C530183A-8F98-4502-99A5-8D27200C6C67}.Release|Any CPU.ActiveCfg = Release|Any CPU
		{C530183A-8F98-4502-99A5-8D27200C6C67}.Release|Any CPU.Build.0 = Release|Any CPU
		{8C7D2964-561B-4BDE-8957-F094078F76AD}.Debug|Any CPU.ActiveCfg = Debug|Any CPU
		{8C7D2964-561B-4BDE-8957-F094078F76AD}.Debug|Any CPU.Build.0 = Debug|Any CPU
		{8C7D2964-561B-4BDE-8957-F094078F76AD}.Release|Any CPU.ActiveCfg = Release|Any CPU
		{8C7D2964-561B-4BDE-8957-F094078F76AD}.Release|Any CPU.Build.0 = Release|Any CPU
		{4594D5F7-15F3-449B-ACA4-33196FBAE4EA}.Debug|Any CPU.ActiveCfg = Debug|Any CPU
		{4594D5F7-15F3-449B-ACA4-33196FBAE4EA}.Debug|Any CPU.Build.0 = Debug|Any CPU
		{4594D5F7-15F3-449B-ACA4-33196FBAE4EA}.Release|Any CPU.ActiveCfg = Release|Any CPU
		{4594D5F7-15F3-449B-ACA4-33196FBAE4EA}.Release|Any CPU.Build.0 = Release|Any CPU
		{054FD489-01EB-4385-9020-4EE7A5867D56}.Debug|Any CPU.ActiveCfg = Debug|Any CPU
		{054FD489-01EB-4385-9020-4EE7A5867D56}.Debug|Any CPU.Build.0 = Debug|Any CPU
		{054FD489-01EB-4385-9020-4EE7A5867D56}.Release|Any CPU.ActiveCfg = Release|Any CPU
		{054FD489-01EB-4385-9020-4EE7A5867D56}.Release|Any CPU.Build.0 = Release|Any CPU
		{DA24BF1C-7FF6-4CCF-8DD6-98E7AE3185DF}.Debug|Any CPU.ActiveCfg = Debug|Any CPU
		{DA24BF1C-7FF6-4CCF-8DD6-98E7AE3185DF}.Debug|Any CPU.Build.0 = Debug|Any CPU
		{DA24BF1C-7FF6-4CCF-8DD6-98E7AE3185DF}.Release|Any CPU.ActiveCfg = Release|Any CPU
		{DA24BF1C-7FF6-4CCF-8DD6-98E7AE3185DF}.Release|Any CPU.Build.0 = Release|Any CPU
		{A0D38E7D-E2F7-41EA-A498-432901500AE3}.Debug|Any CPU.ActiveCfg = Debug|Any CPU
		{A0D38E7D-E2F7-41EA-A498-432901500AE3}.Debug|Any CPU.Build.0 = Debug|Any CPU
		{A0D38E7D-E2F7-41EA-A498-432901500AE3}.Release|Any CPU.ActiveCfg = Release|Any CPU
		{A0D38E7D-E2F7-41EA-A498-432901500AE3}.Release|Any CPU.Build.0 = Release|Any CPU
		{845F1661-500D-47C7-B896-B6A8BF74DA23}.Debug|Any CPU.ActiveCfg = Debug|Any CPU
		{845F1661-500D-47C7-B896-B6A8BF74DA23}.Debug|Any CPU.Build.0 = Debug|Any CPU
		{845F1661-500D-47C7-B896-B6A8BF74DA23}.Release|Any CPU.ActiveCfg = Release|Any CPU
		{845F1661-500D-47C7-B896-B6A8BF74DA23}.Release|Any CPU.Build.0 = Release|Any CPU
		{4BB84788-F30C-43D5-B074-E520B425F256}.Debug|Any CPU.ActiveCfg = Debug|Any CPU
		{4BB84788-F30C-43D5-B074-E520B425F256}.Debug|Any CPU.Build.0 = Debug|Any CPU
		{4BB84788-F30C-43D5-B074-E520B425F256}.Release|Any CPU.ActiveCfg = Release|Any CPU
		{4BB84788-F30C-43D5-B074-E520B425F256}.Release|Any CPU.Build.0 = Release|Any CPU
		{43FB6FC5-64D7-4CA2-B3C4-0E289C4A3579}.Debug|Any CPU.ActiveCfg = Debug|Any CPU
		{43FB6FC5-64D7-4CA2-B3C4-0E289C4A3579}.Debug|Any CPU.Build.0 = Debug|Any CPU
		{43FB6FC5-64D7-4CA2-B3C4-0E289C4A3579}.Release|Any CPU.ActiveCfg = Release|Any CPU
		{43FB6FC5-64D7-4CA2-B3C4-0E289C4A3579}.Release|Any CPU.Build.0 = Release|Any CPU
		{BF8C5421-8AB6-4E86-A49A-ED0E3DF3BFB9}.Debug|Any CPU.ActiveCfg = Debug|Any CPU
		{BF8C5421-8AB6-4E86-A49A-ED0E3DF3BFB9}.Debug|Any CPU.Build.0 = Debug|Any CPU
		{BF8C5421-8AB6-4E86-A49A-ED0E3DF3BFB9}.Release|Any CPU.ActiveCfg = Release|Any CPU
		{BF8C5421-8AB6-4E86-A49A-ED0E3DF3BFB9}.Release|Any CPU.Build.0 = Release|Any CPU
		{A844B357-AB88-46CA-8C98-6D4555DF5878}.Debug|Any CPU.ActiveCfg = Debug|Any CPU
		{A844B357-AB88-46CA-8C98-6D4555DF5878}.Debug|Any CPU.Build.0 = Debug|Any CPU
		{A844B357-AB88-46CA-8C98-6D4555DF5878}.Release|Any CPU.ActiveCfg = Release|Any CPU
		{A844B357-AB88-46CA-8C98-6D4555DF5878}.Release|Any CPU.Build.0 = Release|Any CPU
		{6FEACE3E-C12E-44A9-B4A6-FEB03CC36FA7}.Debug|Any CPU.ActiveCfg = Debug|Any CPU
		{6FEACE3E-C12E-44A9-B4A6-FEB03CC36FA7}.Debug|Any CPU.Build.0 = Debug|Any CPU
		{6FEACE3E-C12E-44A9-B4A6-FEB03CC36FA7}.Release|Any CPU.ActiveCfg = Release|Any CPU
		{6FEACE3E-C12E-44A9-B4A6-FEB03CC36FA7}.Release|Any CPU.Build.0 = Release|Any CPU
		{897FB77F-11C1-427E-8874-524B654E3092}.Debug|Any CPU.ActiveCfg = Debug|Any CPU
		{897FB77F-11C1-427E-8874-524B654E3092}.Debug|Any CPU.Build.0 = Debug|Any CPU
		{897FB77F-11C1-427E-8874-524B654E3092}.Release|Any CPU.ActiveCfg = Release|Any CPU
		{897FB77F-11C1-427E-8874-524B654E3092}.Release|Any CPU.Build.0 = Release|Any CPU
		{32EF6C6D-D9B0-468D-A09D-2AFABB2F7131}.Debug|Any CPU.ActiveCfg = Debug|Any CPU
		{32EF6C6D-D9B0-468D-A09D-2AFABB2F7131}.Debug|Any CPU.Build.0 = Debug|Any CPU
		{32EF6C6D-D9B0-468D-A09D-2AFABB2F7131}.Release|Any CPU.ActiveCfg = Release|Any CPU
		{32EF6C6D-D9B0-468D-A09D-2AFABB2F7131}.Release|Any CPU.Build.0 = Release|Any CPU
		{8CD74BFA-9C4D-41C1-8CAB-F5D6C0768E77}.Debug|Any CPU.ActiveCfg = Debug|Any CPU
		{8CD74BFA-9C4D-41C1-8CAB-F5D6C0768E77}.Debug|Any CPU.Build.0 = Debug|Any CPU
		{8CD74BFA-9C4D-41C1-8CAB-F5D6C0768E77}.Release|Any CPU.ActiveCfg = Release|Any CPU
		{8CD74BFA-9C4D-41C1-8CAB-F5D6C0768E77}.Release|Any CPU.Build.0 = Release|Any CPU
		{84B4C028-2F32-45F3-BE28-535ABA407E1C}.Debug|Any CPU.ActiveCfg = Debug|Any CPU
		{84B4C028-2F32-45F3-BE28-535ABA407E1C}.Debug|Any CPU.Build.0 = Debug|Any CPU
		{84B4C028-2F32-45F3-BE28-535ABA407E1C}.Release|Any CPU.ActiveCfg = Release|Any CPU
		{84B4C028-2F32-45F3-BE28-535ABA407E1C}.Release|Any CPU.Build.0 = Release|Any CPU
	EndGlobalSection
	GlobalSection(SolutionProperties) = preSolution
		HideSolutionNode = FALSE
	EndGlobalSection
	GlobalSection(NestedProjects) = preSolution
		{DA24BF1C-7FF6-4CCF-8DD6-98E7AE3185DF} = {55557BB9-2A2F-426A-9869-D35699010952}
		{A0D38E7D-E2F7-41EA-A498-432901500AE3} = {55557BB9-2A2F-426A-9869-D35699010952}
		{845F1661-500D-47C7-B896-B6A8BF74DA23} = {55557BB9-2A2F-426A-9869-D35699010952}
		{4BB84788-F30C-43D5-B074-E520B425F256} = {55557BB9-2A2F-426A-9869-D35699010952}
		{43FB6FC5-64D7-4CA2-B3C4-0E289C4A3579} = {768135A5-7059-4B6B-80EC-B85AB0A7BE42}
		{BF8C5421-8AB6-4E86-A49A-ED0E3DF3BFB9} = {768135A5-7059-4B6B-80EC-B85AB0A7BE42}
		{A844B357-AB88-46CA-8C98-6D4555DF5878} = {768135A5-7059-4B6B-80EC-B85AB0A7BE42}
		{6FEACE3E-C12E-44A9-B4A6-FEB03CC36FA7} = {768135A5-7059-4B6B-80EC-B85AB0A7BE42}
		{897FB77F-11C1-427E-8874-524B654E3092} = {768135A5-7059-4B6B-80EC-B85AB0A7BE42}
		{32EF6C6D-D9B0-468D-A09D-2AFABB2F7131} = {768135A5-7059-4B6B-80EC-B85AB0A7BE42}
		{8CD74BFA-9C4D-41C1-8CAB-F5D6C0768E77} = {768135A5-7059-4B6B-80EC-B85AB0A7BE42}
		{84B4C028-2F32-45F3-BE28-535ABA407E1C} = {768135A5-7059-4B6B-80EC-B85AB0A7BE42}
	EndGlobalSection
	GlobalSection(ExtensibilityGlobals) = postSolution
		SolutionGuid = {5B4B948C-5306-4279-80EE-557FCB69CF39}
	EndGlobalSection
EndGlobal
